
Microsoft Visual Studio Solution File, Format Version 12.00
# Visual Studio Version 17
VisualStudioVersion = 17.14.37111.16
MinimumVisualStudioVersion = 10.0.40219.1
Project("{C9674DCB-5085-4A16-B785-4C70DD1589BD}") = "Lab2", "Lab2\Lab2.dtproj", "{88EF1910-D736-891A-940E-8B7D8823033E}"
EndProject
Global
	GlobalSection(SolutionConfigurationPlatforms) = preSolution
		Development|Default = Development|Default
	EndGlobalSection
	GlobalSection(ProjectConfigurationPlatforms) = postSolution
		{88EF1910-D736-891A-940E-8B7D8823033E}.Development|Default.ActiveCfg = Development
		{88EF1910-D736-891A-940E-8B7D8823033E}.Development|Default.Build.0 = Development
	EndGlobalSection
	GlobalSection(SolutionProperties) = preSolution
		HideSolutionNode = FALSE
	EndGlobalSection
	GlobalSection(ExtensibilityGlobals) = postSolution
		SolutionGuid = {30CE9473-551E-4C2F-922A-7CDE17205B05}
	EndGlobalSection
EndGlobal
